
Microsoft Visual Studio Solution File, Format Version 12.00
# Visual Studio 15
Project("{FAE04EC0-301F-11D3-BF4B-00C04F79EFBC}") = "Assembly-CSharp", "Assembly-CSharp.csproj", "{4383A427-53FB-61C5-E585-BCD7261B2014}"
EndProject
Project("{FAE04EC0-301F-11D3-BF4B-00C04F79EFBC}") = "Assembly-CSharp-firstpass", "Assembly-CSharp-firstpass.csproj", "{D66C3EAC-61CD-DE3A-BE43-2B3DC6657818}"
EndProject
Project("{FAE04EC0-301F-11D3-BF4B-00C04F79EFBC}") = "Assembly-CSharp-Editor-firstpass", "Assembly-CSharp-Editor-firstpass.csproj", "{B817685E-0B2C-31F4-E618-FB3346E95080}"
EndProject
Global
	GlobalSection(SolutionConfigurationPlatforms) = preSolution
		Debug|Any CPU = Debug|Any CPU
		Release|Any CPU = Release|Any CPU
	EndGlobalSection
	GlobalSection(ProjectConfigurationPlatforms) = postSolution
		{4383A427-53FB-61C5-E585-BCD7261B2014}.Debug|Any CPU.ActiveCfg = Debug|Any CPU
		{4383A427-53FB-61C5-E585-BCD7261B2014}.Debug|Any CPU.Build.0 = Debug|Any CPU
		{4383A427-53FB-61C5-E585-BCD7261B2014}.Release|Any CPU.ActiveCfg = Release|Any CPU
		{4383A427-53FB-61C5-E585-BCD7261B2014}.Release|Any CPU.Build.0 = Release|Any CPU
		{D66C3EAC-61CD-DE3A-BE43-2B3DC6657818}.Debug|Any CPU.ActiveCfg = Debug|Any CPU
		{D66C3EAC-61CD-DE3A-BE43-2B3DC6657818}.Debug|Any CPU.Build.0 = Debug|Any CPU
		{D66C3EAC-61CD-DE3A-BE43-2B3DC6657818}.Release|Any CPU.ActiveCfg = Release|Any CPU
		{D66C3EAC-61CD-DE3A-BE43-2B3DC6657818}.Release|Any CPU.Build.0 = Release|Any CPU
		{B817685E-0B2C-31F4-E618-FB3346E95080}.Debug|Any CPU.ActiveCfg = Debug|Any CPU
		{B817685E-0B2C-31F4-E618-FB3346E95080}.Debug|Any CPU.Build.0 = Debug|Any CPU
		{B817685E-0B2C-31F4-E618-FB3346E95080}.Release|Any CPU.ActiveCfg = Release|Any CPU
		{B817685E-0B2C-31F4-E618-FB3346E95080}.Release|Any CPU.Build.0 = Release|Any CPU
	EndGlobalSection
	GlobalSection(SolutionProperties) = preSolution
		HideSolutionNode = FALSE
	EndGlobalSection
EndGlobal
